{
    "_readme": [
        "This file locks the dependencies of your project to a known state",
        "Read more about it at https://getcomposer.org/doc/01-basic-usage.md#installing-dependencies",
        "This file is @generated automatically"
    ],
    "content-hash": "f5dffd28805eefbbbdaf2a23583e48d7",
    "packages": [
        {
            "name": "kucrut/vite-for-wp",
            "version": "v0.9.4",
            "source": {
                "type": "git",
                "url": "https://github.com/kucrut/vite-for-wp.git",
                "reference": "bdc1bc5f08c24b819a3f93915e8af0142a44d589"
            },
            "dist": {
                "type": "zip",
                "url": "https://api.github.com/repos/kucrut/vite-for-wp/zipball/bdc1bc5f08c24b819a3f93915e8af0142a44d589",
                "reference": "bdc1bc5f08c24b819a3f93915e8af0142a44d589",
                "shasum": ""
            },
            "require-dev": {
                "wp-coding-standards/wpcs": "^3.0"
            },
            "type": "library",
            "autoload": {
                "files": [
                    "vite-for-wp.php"
                ]
            },
            "notification-url": "https://packagist.org/downloads/",
            "license": [
                "GPL-2.0-only"
            ],
            "authors": [
                {
                    "name": "Dzikri Aziz"
                }
            ],
            "description": "Vite integration for WordPress plugins and themes development.",
            "support": {
                "issues": "https://github.com/kucrut/vite-for-wp/issues",
                "source": "https://github.com/kucrut/vite-for-wp/tree/v0.9.4"
            },
            "time": "2024-11-25T12:25:28+00:00"
        },
        {
            "name": "orhanerday/open-ai",
            "version": "5.2",
            "source": {
                "type": "git",
                "url": "https://github.com/orhanerday/open-ai.git",
                "reference": "d8c78fe2f5fed59e0ba458f90b5589ed9f13a367"
            },
            "dist": {
                "type": "zip",
                "url": "https://api.github.com/repos/orhanerday/open-ai/zipball/d8c78fe2f5fed59e0ba458f90b5589ed9f13a367",
                "reference": "d8c78fe2f5fed59e0ba458f90b5589ed9f13a367",
                "shasum": ""
            },
            "require": {
                "ext-curl": "*",
                "ext-json": "*",
                "php": ">=7.4"
            },
            "require-dev": {
                "friendsofphp/php-cs-fixer": "^3.0",
                "pestphp/pest": "^1.20",
                "spatie/ray": "^1.28"
            },
            "type": "library",
            "autoload": {
                "psr-4": {
                    "Orhanerday\\OpenAi\\": "src"
                }
            },
            "notification-url": "https://packagist.org/downloads/",
            "license": [
                "MIT"
            ],
            "authors": [
                {
                    "name": "Orhan Erday",
                    "email": "orhanerday@gmail.com",
                    "role": "Developer"
                }
            ],
            "description": "OpenAI GPT-3 Api Client in PHP",
            "homepage": "https://github.com/orhanerday/open-ai",
            "keywords": [
                "open-ai",
                "orhanerday"
            ],
            "support": {
                "issues": "https://github.com/orhanerday/open-ai/issues",
                "source": "https://github.com/orhanerday/open-ai/tree/5.2"
            },
            "funding": [
                {
                    "url": "https://github.com/orhanerday",
                    "type": "github"
                }
            ],
            "time": "2024-05-29T12:31:54+00:00"
        }
    ],
    "packages-dev": [],
    "aliases": [],
    "minimum-stability": "stable",
    "stability-flags": {},
    "prefer-stable": false,
    "prefer-lowest": false,
    "platform": {
        "ext-dom": "*",
        "php": "^7.4 || ^8.0"
    },
    "platform-dev": {},
    "plugin-api-version": "2.6.0"
}
